<?xml version="1.0" encoding="utf-8"?>
<Project ToolsVersion="4.0" xmlns="http://schemas.microsoft.com/developer/msbuild/2003">
  <ItemGroup>
    <Filter Include="PluginBase">
      <UniqueIdentifier>{cba0d2df-44fd-42bc-b99c-d64e4d35d55a}</UniqueIdentifier>
    </Filter>
    <Filter Include="TrigEdit">
      <UniqueIdentifier>{4d8a6a16-7976-4717-b622-c52586c25b14}</UniqueIdentifier>
    </Filter>
    <Filter Include="TrigEdit\StringUtils">
      <UniqueIdentifier>{14aa99ea-43b4-462d-bf4a-a814b8c74b50}</UniqueIdentifier>
    </Filter>
    <Filter Include="TrigEdit\Decoder">
      <UniqueIdentifier>{dc4226e9-93fa-4cf8-b85c-794cf9ea3031}</UniqueIdentifier>
    </Filter>
    <Filter Include="TrigEdit\Encoder">
      <UniqueIdentifier>{7f11da6a-5372-46f6-a9a8-d2a9c1514036}</UniqueIdentifier>
    </Filter>
    <Filter Include="TrigEdit\Encoder\Lua">
      <UniqueIdentifier>{8582ca1f-3f55-403c-bf35-c2786cf7e17b}</UniqueIdentifier>
    </Filter>
  </ItemGroup>
  <ItemGroup>
    <ClCompile Include="PluginBase\DllMain.cpp">
      <Filter>PluginBase</Filter>
    </ClCompile>
    <ClCompile Include="PluginBase\SICStringList.cpp">
      <Filter>PluginBase</Filter>
    </ClCompile>
    <ClCompile Include="PluginMain.cpp" />
    <ClCompile Include="TrigEdit\TriggerEditor.cpp">
      <Filter>TrigEdit</Filter>
    </ClCompile>
    <ClCompile Include="TrigEdit\StringUtils\stringbuffer.cpp">
      <Filter>TrigEdit\StringUtils</Filter>
    </ClCompile>
    <ClCompile Include="TrigEdit\StringUtils\StringIntCast.cpp">
      <Filter>TrigEdit\StringUtils</Filter>
    </ClCompile>
    <ClCompile Include="TrigEdit\StringUtils\RawCStringCast.cpp">
      <Filter>TrigEdit\StringUtils</Filter>
    </ClCompile>
    <ClCompile Include="TrigEdit\Decoder\TriggerActionEncDec.cpp">
      <Filter>TrigEdit\Decoder</Filter>
    </ClCompile>
    <ClCompile Include="TrigEdit\Decoder\TriggerConditionEncDec.cpp">
      <Filter>TrigEdit\Decoder</Filter>
    </ClCompile>
    <ClCompile Include="TrigEdit\MapNamespace.cpp">
      <Filter>TrigEdit</Filter>
    </ClCompile>
    <ClCompile Include="TrigEdit\Decoder\StringDecoder.cpp">
      <Filter>TrigEdit\Decoder</Filter>
    </ClCompile>
    <ClCompile Include="TrigEdit\Decoder\AIScriptDecode.cpp">
      <Filter>TrigEdit\Decoder</Filter>
    </ClCompile>
    <ClCompile Include="TrigEdit\Decoder\ConstDecoder.cpp">
      <Filter>TrigEdit\Decoder</Filter>
    </ClCompile>
    <ClCompile Include="TrigEdit\Encoder\Lua\lapi.c">
      <Filter>TrigEdit\Encoder\Lua</Filter>
    </ClCompile>
    <ClCompile Include="TrigEdit\Encoder\Lua\lauxlib.c">
      <Filter>TrigEdit\Encoder\Lua</Filter>
    </ClCompile>
    <ClCompile Include="TrigEdit\Encoder\Lua\lbaselib.c">
      <Filter>TrigEdit\Encoder\Lua</Filter>
    </ClCompile>
    <ClCompile Include="TrigEdit\Encoder\Lua\lbitlib.c">
      <Filter>TrigEdit\Encoder\Lua</Filter>
    </ClCompile>
    <ClCompile Include="TrigEdit\Encoder\Lua\lcode.c">
      <Filter>TrigEdit\Encoder\Lua</Filter>
    </ClCompile>
    <ClCompile Include="TrigEdit\Encoder\Lua\lcorolib.c">
      <Filter>TrigEdit\Encoder\Lua</Filter>
    </ClCompile>
    <ClCompile Include="TrigEdit\Encoder\Lua\lctype.c">
      <Filter>TrigEdit\Encoder\Lua</Filter>
    </ClCompile>
    <ClCompile Include="TrigEdit\Encoder\Lua\ldblib.c">
      <Filter>TrigEdit\Encoder\Lua</Filter>
    </ClCompile>
    <ClCompile Include="TrigEdit\Encoder\Lua\ldebug.c">
      <Filter>TrigEdit\Encoder\Lua</Filter>
    </ClCompile>
    <ClCompile Include="TrigEdit\Encoder\Lua\ldo.c">
      <Filter>TrigEdit\Encoder\Lua</Filter>
    </ClCompile>
    <ClCompile Include="TrigEdit\Encoder\Lua\ldump.c">
      <Filter>TrigEdit\Encoder\Lua</Filter>
    </ClCompile>
    <ClCompile Include="TrigEdit\Encoder\Lua\lfunc.c">
      <Filter>TrigEdit\Encoder\Lua</Filter>
    </ClCompile>
    <ClCompile Include="TrigEdit\Encoder\Lua\lgc.c">
      <Filter>TrigEdit\Encoder\Lua</Filter>
    </ClCompile>
    <ClCompile Include="TrigEdit\Encoder\Lua\linit.c">
      <Filter>TrigEdit\Encoder\Lua</Filter>
    </ClCompile>
    <ClCompile Include="TrigEdit\Encoder\Lua\liolib.c">
      <Filter>TrigEdit\Encoder\Lua</Filter>
    </ClCompile>
    <ClCompile Include="TrigEdit\Encoder\Lua\llex.c">
      <Filter>TrigEdit\Encoder\Lua</Filter>
    </ClCompile>
    <ClCompile Include="TrigEdit\Encoder\Lua\lmathlib.c">
      <Filter>TrigEdit\Encoder\Lua</Filter>
    </ClCompile>
    <ClCompile Include="TrigEdit\Encoder\Lua\lmem.c">
      <Filter>TrigEdit\Encoder\Lua</Filter>
    </ClCompile>
    <ClCompile Include="TrigEdit\Encoder\Lua\loadlib.c">
      <Filter>TrigEdit\Encoder\Lua</Filter>
    </ClCompile>
    <ClCompile Include="TrigEdit\Encoder\Lua\lobject.c">
      <Filter>TrigEdit\Encoder\Lua</Filter>
    </ClCompile>
    <ClCompile Include="TrigEdit\Encoder\Lua\lopcodes.c">
      <Filter>TrigEdit\Encoder\Lua</Filter>
    </ClCompile>
    <ClCompile Include="TrigEdit\Encoder\Lua\loslib.c">
      <Filter>TrigEdit\Encoder\Lua</Filter>
    </ClCompile>
    <ClCompile Include="TrigEdit\Encoder\Lua\lparser.c">
      <Filter>TrigEdit\Encoder\Lua</Filter>
    </ClCompile>
    <ClCompile Include="TrigEdit\Encoder\Lua\lstate.c">
      <Filter>TrigEdit\Encoder\Lua</Filter>
    </ClCompile>
    <ClCompile Include="TrigEdit\Encoder\Lua\lstring.c">
      <Filter>TrigEdit\Encoder\Lua</Filter>
    </ClCompile>
    <ClCompile Include="TrigEdit\Encoder\Lua\lstrlib.c">
      <Filter>TrigEdit\Encoder\Lua</Filter>
    </ClCompile>
    <ClCompile Include="TrigEdit\Encoder\Lua\ltable.c">
      <Filter>TrigEdit\Encoder\Lua</Filter>
    </ClCompile>
    <ClCompile Include="TrigEdit\Encoder\Lua\ltablib.c">
      <Filter>TrigEdit\Encoder\Lua</Filter>
    </ClCompile>
    <ClCompile Include="TrigEdit\Encoder\Lua\ltm.c">
      <Filter>TrigEdit\Encoder\Lua</Filter>
    </ClCompile>
    <ClCompile Include="TrigEdit\Encoder\Lua\luac.c">
      <Filter>TrigEdit\Encoder\Lua</Filter>
    </ClCompile>
    <ClCompile Include="TrigEdit\Encoder\Lua\lundump.c">
      <Filter>TrigEdit\Encoder\Lua</Filter>
    </ClCompile>
    <ClCompile Include="TrigEdit\Encoder\Lua\lvm.c">
      <Filter>TrigEdit\Encoder\Lua</Filter>
    </ClCompile>
    <ClCompile Include="TrigEdit\Encoder\Lua\lzio.c">
      <Filter>TrigEdit\Encoder\Lua</Filter>
    </ClCompile>
    <ClCompile Include="TrigEdit\Encoder\StringEncoder.cpp">
      <Filter>TrigEdit\Encoder</Filter>
    </ClCompile>
    <ClCompile Include="TrigEdit\Encoder\StringDeref.cpp">
      <Filter>TrigEdit\Encoder</Filter>
    </ClCompile>
    <ClCompile Include="TrigEdit\Decoder\TriggerDecode.cpp">
      <Filter>TrigEdit\Decoder</Filter>
    </ClCompile>
    <ClCompile Include="TrigEdit\TriggerEncDecData.cpp">
      <Filter>TrigEdit</Filter>
    </ClCompile>
    <ClCompile Include="TrigEdit\Encoder\TriggerEncode.cpp">
      <Filter>TrigEdit\Encoder</Filter>
    </ClCompile>
    <ClCompile Include="TrigEdit\Encoder\LuaParseString.cpp">
      <Filter>TrigEdit\Encoder</Filter>
    </ClCompile>
  </ItemGroup>
  <ItemGroup>
    <ClInclude Include="PluginBase\SCMDPlugin.h">
      <Filter>PluginBase</Filter>
    </ClInclude>
    <ClInclude Include="PluginBase\SICStringList.h">
      <Filter>PluginBase</Filter>
    </ClInclude>
    <ClInclude Include="TrigEdit\TriggerEditor.h">
      <Filter>TrigEdit</Filter>
    </ClInclude>
    <ClInclude Include="TrigEdit\condact.h">
      <Filter>TrigEdit</Filter>
    </ClInclude>
    <ClInclude Include="TrigEdit\StringUtils\stringbuffer.h">
      <Filter>TrigEdit\StringUtils</Filter>
    </ClInclude>
    <ClInclude Include="TrigEdit\StringUtils\StringCast.h">
      <Filter>TrigEdit\StringUtils</Filter>
    </ClInclude>
    <ClInclude Include="TrigEdit\MapNamespace.h">
      <Filter>TrigEdit</Filter>
    </ClInclude>
    <ClInclude Include="TrigEdit\Encoder\Lua\lapi.h">
      <Filter>TrigEdit\Encoder\Lua</Filter>
    </ClInclude>
    <ClInclude Include="TrigEdit\Encoder\Lua\lauxlib.h">
      <Filter>TrigEdit\Encoder\Lua</Filter>
    </ClInclude>
    <ClInclude Include="TrigEdit\Encoder\Lua\lcode.h">
      <Filter>TrigEdit\Encoder\Lua</Filter>
    </ClInclude>
    <ClInclude Include="TrigEdit\Encoder\Lua\lctype.h">
      <Filter>TrigEdit\Encoder\Lua</Filter>
    </ClInclude>
    <ClInclude Include="TrigEdit\Encoder\Lua\ldebug.h">
      <Filter>TrigEdit\Encoder\Lua</Filter>
    </ClInclude>
    <ClInclude Include="TrigEdit\Encoder\Lua\ldo.h">
      <Filter>TrigEdit\Encoder\Lua</Filter>
    </ClInclude>
    <ClInclude Include="TrigEdit\Encoder\Lua\lfunc.h">
      <Filter>TrigEdit\Encoder\Lua</Filter>
    </ClInclude>
    <ClInclude Include="TrigEdit\Encoder\Lua\lgc.h">
      <Filter>TrigEdit\Encoder\Lua</Filter>
    </ClInclude>
    <ClInclude Include="TrigEdit\Encoder\Lua\llex.h">
      <Filter>TrigEdit\Encoder\Lua</Filter>
    </ClInclude>
    <ClInclude Include="TrigEdit\Encoder\Lua\llimits.h">
      <Filter>TrigEdit\Encoder\Lua</Filter>
    </ClInclude>
    <ClInclude Include="TrigEdit\Encoder\Lua\lmem.h">
      <Filter>TrigEdit\Encoder\Lua</Filter>
    </ClInclude>
    <ClInclude Include="TrigEdit\Encoder\Lua\lobject.h">
      <Filter>TrigEdit\Encoder\Lua</Filter>
    </ClInclude>
    <ClInclude Include="TrigEdit\Encoder\Lua\lopcodes.h">
      <Filter>TrigEdit\Encoder\Lua</Filter>
    </ClInclude>
    <ClInclude Include="TrigEdit\Encoder\Lua\lparser.h">
      <Filter>TrigEdit\Encoder\Lua</Filter>
    </ClInclude>
    <ClInclude Include="TrigEdit\Encoder\Lua\lstate.h">
      <Filter>TrigEdit\Encoder\Lua</Filter>
    </ClInclude>
    <ClInclude Include="TrigEdit\Encoder\Lua\lstring.h">
      <Filter>TrigEdit\Encoder\Lua</Filter>
    </ClInclude>
    <ClInclude Include="TrigEdit\Encoder\Lua\ltable.h">
      <Filter>TrigEdit\Encoder\Lua</Filter>
    </ClInclude>
    <ClInclude Include="TrigEdit\Encoder\Lua\ltm.h">
      <Filter>TrigEdit\Encoder\Lua</Filter>
    </ClInclude>
    <ClInclude Include="TrigEdit\Encoder\Lua\lua.h">
      <Filter>TrigEdit\Encoder\Lua</Filter>
    </ClInclude>
    <ClInclude Include="TrigEdit\Encoder\Lua\lua.hpp">
      <Filter>TrigEdit\Encoder\Lua</Filter>
    </ClInclude>
    <ClInclude Include="TrigEdit\Encoder\Lua\luaconf.h">
      <Filter>TrigEdit\Encoder\Lua</Filter>
    </ClInclude>
    <ClInclude Include="TrigEdit\Encoder\Lua\lualib.h">
      <Filter>TrigEdit\Encoder\Lua</Filter>
    </ClInclude>
    <ClInclude Include="TrigEdit\Encoder\Lua\lundump.h">
      <Filter>TrigEdit\Encoder\Lua</Filter>
    </ClInclude>
    <ClInclude Include="TrigEdit\Encoder\Lua\lvm.h">
      <Filter>TrigEdit\Encoder\Lua</Filter>
    </ClInclude>
    <ClInclude Include="TrigEdit\Encoder\Lua\lzio.h">
      <Filter>TrigEdit\Encoder\Lua</Filter>
    </ClInclude>
    <ClInclude Include="TrigEdit\TriggerEncDec.h">
      <Filter>TrigEdit</Filter>
    </ClInclude>
    <ClInclude Include="resource.h" />
  </ItemGroup>
  <ItemGroup>
    <None Include="PluginBase\DllMain.def">
      <Filter>PluginBase</Filter>
    </None>
    <None Include="TrigEdit\Encoder\basescript.lua">
      <Filter>TrigEdit\Encoder</Filter>
    </None>
  </ItemGroup>
  <ItemGroup>
    <ResourceCompile Include="TrigEditPlus.rc" />
  </ItemGroup>
</Project>