<?xml version="1.0" encoding="UTF-8" standalone="yes" ?>
<CodeBlocks_project_file>
	<FileVersion major="1" minor="6" />
	<Project>
		<Option title="Scmdraft Plugin" />
		<Option pch_mode="2" />
		<Option compiler="gcc" />
		<Build>
			<Target title="Debug Win32">
				<Option output="Scmdraft Plugin" prefix_auto="1" extension_auto="1" />
				<Option type="0" />
				<Option compiler="gcc" />
				<Compiler>
					<Add option="-DWIN32" />
					<Add option="-D_DEBUG" />
					<Add option="-D_WINDOWS" />
					<Add option="-D_CRT_SECURE_NO_WARNINGS" />
				</Compiler>
				<Linker>
					<Add library="Comctl32.lib" />
				</Linker>
			</Target>
			<Target title="Release Win32">
				<Option output="Scmdraft Plugin" prefix_auto="1" extension_auto="1" />
				<Option type="0" />
				<Option compiler="gcc" />
				<Compiler>
					<Add option="-DWIN32" />
					<Add option="-DNDEBUG" />
					<Add option="-D_WINDOWS" />
					<Add option="-D_CRT_SECURE_NO_WARNINGS" />
				</Compiler>
				<Linker>
					<Add library="Comctl32.lib" />
				</Linker>
			</Target>
		</Build>
		<Unit filename="PluginBase/DllMain.cpp" />
		<Unit filename="PluginBase/DllMain.def" />
		<Unit filename="PluginBase/SCMDPlugin.h" />
		<Unit filename="PluginBase/SICStringList.cpp" />
		<Unit filename="PluginBase/SICStringList.h" />
		<Unit filename="PluginMain.cpp" />
		<Unit filename="TrigEditPlus.rc">
			<Option compilerVar="WINDRES" />
		</Unit>
		<Unit filename="TrigEdit/Decoder/AIScriptDecode.cpp" />
		<Unit filename="TrigEdit/Decoder/ConstDecoder.cpp" />
		<Unit filename="TrigEdit/Decoder/SpecialCommentDec.cpp" />
		<Unit filename="TrigEdit/Decoder/StringDecoder.cpp" />
		<Unit filename="TrigEdit/Decoder/TriggerActionEncDec.cpp" />
		<Unit filename="TrigEdit/Decoder/TriggerConditionEncDec.cpp" />
		<Unit filename="TrigEdit/Decoder/TriggerDecode.cpp" />
		<Unit filename="TrigEdit/EditorCharAdded.cpp" />
		<Unit filename="TrigEdit/Encoder/LuaParseString.cpp" />
		<Unit filename="TrigEdit/Encoder/Lua/lapi.c">
			<Option compilerVar="CC" />
		</Unit>
		<Unit filename="TrigEdit/Encoder/Lua/lapi.h" />
		<Unit filename="TrigEdit/Encoder/Lua/lauxlib.c">
			<Option compilerVar="CC" />
		</Unit>
		<Unit filename="TrigEdit/Encoder/Lua/lauxlib.h" />
		<Unit filename="TrigEdit/Encoder/Lua/lbaselib.c">
			<Option compilerVar="CC" />
		</Unit>
		<Unit filename="TrigEdit/Encoder/Lua/lbitlib.c">
			<Option compilerVar="CC" />
		</Unit>
		<Unit filename="TrigEdit/Encoder/Lua/lcode.c">
			<Option compilerVar="CC" />
		</Unit>
		<Unit filename="TrigEdit/Encoder/Lua/lcode.h" />
		<Unit filename="TrigEdit/Encoder/Lua/lcorolib.c">
			<Option compilerVar="CC" />
		</Unit>
		<Unit filename="TrigEdit/Encoder/Lua/lctype.c">
			<Option compilerVar="CC" />
		</Unit>
		<Unit filename="TrigEdit/Encoder/Lua/lctype.h" />
		<Unit filename="TrigEdit/Encoder/Lua/ldblib.c">
			<Option compilerVar="CC" />
		</Unit>
		<Unit filename="TrigEdit/Encoder/Lua/ldebug.c">
			<Option compilerVar="CC" />
		</Unit>
		<Unit filename="TrigEdit/Encoder/Lua/ldebug.h" />
		<Unit filename="TrigEdit/Encoder/Lua/ldo.c">
			<Option compilerVar="CC" />
		</Unit>
		<Unit filename="TrigEdit/Encoder/Lua/ldo.h" />
		<Unit filename="TrigEdit/Encoder/Lua/ldump.c">
			<Option compilerVar="CC" />
		</Unit>
		<Unit filename="TrigEdit/Encoder/Lua/lfunc.c">
			<Option compilerVar="CC" />
		</Unit>
		<Unit filename="TrigEdit/Encoder/Lua/lfunc.h" />
		<Unit filename="TrigEdit/Encoder/Lua/lgc.c">
			<Option compilerVar="CC" />
		</Unit>
		<Unit filename="TrigEdit/Encoder/Lua/lgc.h" />
		<Unit filename="TrigEdit/Encoder/Lua/linit.c">
			<Option compilerVar="CC" />
		</Unit>
		<Unit filename="TrigEdit/Encoder/Lua/liolib.c">
			<Option compilerVar="CC" />
		</Unit>
		<Unit filename="TrigEdit/Encoder/Lua/llex.c">
			<Option compilerVar="CC" />
		</Unit>
		<Unit filename="TrigEdit/Encoder/Lua/llex.h" />
		<Unit filename="TrigEdit/Encoder/Lua/llimits.h" />
		<Unit filename="TrigEdit/Encoder/Lua/lmathlib.c">
			<Option compilerVar="CC" />
		</Unit>
		<Unit filename="TrigEdit/Encoder/Lua/lmem.c">
			<Option compilerVar="CC" />
		</Unit>
		<Unit filename="TrigEdit/Encoder/Lua/lmem.h" />
		<Unit filename="TrigEdit/Encoder/Lua/loadlib.c">
			<Option compilerVar="CC" />
		</Unit>
		<Unit filename="TrigEdit/Encoder/Lua/lobject.c">
			<Option compilerVar="CC" />
		</Unit>
		<Unit filename="TrigEdit/Encoder/Lua/lobject.h" />
		<Unit filename="TrigEdit/Encoder/Lua/lopcodes.c">
			<Option compilerVar="CC" />
		</Unit>
		<Unit filename="TrigEdit/Encoder/Lua/lopcodes.h" />
		<Unit filename="TrigEdit/Encoder/Lua/loslib.c">
			<Option compilerVar="CC" />
		</Unit>
		<Unit filename="TrigEdit/Encoder/Lua/lparser.c">
			<Option compilerVar="CC" />
		</Unit>
		<Unit filename="TrigEdit/Encoder/Lua/lparser.h" />
		<Unit filename="TrigEdit/Encoder/Lua/lstate.c">
			<Option compilerVar="CC" />
		</Unit>
		<Unit filename="TrigEdit/Encoder/Lua/lstate.h" />
		<Unit filename="TrigEdit/Encoder/Lua/lstring.c">
			<Option compilerVar="CC" />
		</Unit>
		<Unit filename="TrigEdit/Encoder/Lua/lstring.h" />
		<Unit filename="TrigEdit/Encoder/Lua/lstrlib.c">
			<Option compilerVar="CC" />
		</Unit>
		<Unit filename="TrigEdit/Encoder/Lua/ltable.c">
			<Option compilerVar="CC" />
		</Unit>
		<Unit filename="TrigEdit/Encoder/Lua/ltable.h" />
		<Unit filename="TrigEdit/Encoder/Lua/ltablib.c">
			<Option compilerVar="CC" />
		</Unit>
		<Unit filename="TrigEdit/Encoder/Lua/ltm.c">
			<Option compilerVar="CC" />
		</Unit>
		<Unit filename="TrigEdit/Encoder/Lua/ltm.h" />
		<Unit filename="TrigEdit/Encoder/Lua/lua.h" />
		<Unit filename="TrigEdit/Encoder/Lua/lua.hpp" />
		<Unit filename="TrigEdit/Encoder/Lua/luac.c">
			<Option compilerVar="CC" />
		</Unit>
		<Unit filename="TrigEdit/Encoder/Lua/luaconf.h" />
		<Unit filename="TrigEdit/Encoder/Lua/lualib.h" />
		<Unit filename="TrigEdit/Encoder/Lua/lundump.c">
			<Option compilerVar="CC" />
		</Unit>
		<Unit filename="TrigEdit/Encoder/Lua/lundump.h" />
		<Unit filename="TrigEdit/Encoder/Lua/lvm.c">
			<Option compilerVar="CC" />
		</Unit>
		<Unit filename="TrigEdit/Encoder/Lua/lvm.h" />
		<Unit filename="TrigEdit/Encoder/Lua/lzio.c">
			<Option compilerVar="CC" />
		</Unit>
		<Unit filename="TrigEdit/Encoder/Lua/lzio.h" />
		<Unit filename="TrigEdit/Encoder/StringDeref.cpp" />
		<Unit filename="TrigEdit/Encoder/StringEncoder.cpp" />
		<Unit filename="TrigEdit/Encoder/TriggerEncode.cpp" />
		<Unit filename="TrigEdit/Encoder/basescript.lua" />
		<Unit filename="TrigEdit/LuaStyle.cpp" />
		<Unit filename="TrigEdit/MapNamespace.cpp" />
		<Unit filename="TrigEdit/MapNamespace.h" />
		<Unit filename="TrigEdit/Scintilla/SciLexer.h" />
		<Unit filename="TrigEdit/Scintilla/Scintilla.h" />
		<Unit filename="TrigEdit/SetAutocomplete.cpp" />
		<Unit filename="TrigEdit/StringUtils/RawCStringCast.cpp" />
		<Unit filename="TrigEdit/StringUtils/StringCast.h" />
		<Unit filename="TrigEdit/StringUtils/StringIntCast.cpp" />
		<Unit filename="TrigEdit/StringUtils/stringbuffer.cpp" />
		<Unit filename="TrigEdit/StringUtils/stringbuffer.h" />
		<Unit filename="TrigEdit/TriggerEditor.cpp" />
		<Unit filename="TrigEdit/TriggerEditor.h" />
		<Unit filename="TrigEdit/TriggerEncDec.h" />
		<Unit filename="TrigEdit/TriggerEncDecData.cpp" />
		<Unit filename="resource.h" />
		<Unit filename="version.h" />
		<Extensions>
			<code_completion />
			<envvars />
			<debugger />
			<lib_finder disable_auto="1" />
		</Extensions>
	</Project>
</CodeBlocks_project_file>
