<?xml version="1.0" encoding="utf-8"?>
<Project ToolsVersion="4.0" xmlns="http://schemas.microsoft.com/developer/msbuild/2003">
  <ItemGroup>
    <ClCompile Include="PluginMain.cpp" />
    <ClCompile Include="PluginBase\DllMain.cpp">
      <Filter>PluginBase</Filter>
    </ClCompile>
    <ClCompile Include="PluginBase\SICStringList.cpp">
      <Filter>PluginBase</Filter>
    </ClCompile>
    <ClCompile Include="Editor\EditorCharAdded.cpp">
      <Filter>Editor</Filter>
    </ClCompile>
    <ClCompile Include="Editor\LuaStyle.cpp">
      <Filter>Editor</Filter>
    </ClCompile>
    <ClCompile Include="Editor\MapNamespace.cpp">
      <Filter>Editor</Filter>
    </ClCompile>
    <ClCompile Include="Editor\MapStrings.cpp">
      <Filter>Editor</Filter>
    </ClCompile>
    <ClCompile Include="Editor\SetAutocomplete.cpp">
      <Filter>Editor</Filter>
    </ClCompile>
    <ClCompile Include="Editor\TriggerEditor.cpp">
      <Filter>Editor</Filter>
    </ClCompile>
    <ClCompile Include="Editor\TriggerEncDecData.cpp">
      <Filter>Editor</Filter>
    </ClCompile>
    <ClCompile Include="Editor\Decoder\AIScriptDecode.cpp">
      <Filter>Editor\Decoder</Filter>
    </ClCompile>
    <ClCompile Include="Editor\Decoder\ConstDecoder.cpp">
      <Filter>Editor\Decoder</Filter>
    </ClCompile>
    <ClCompile Include="Editor\Decoder\SpecialCommentDec.cpp">
      <Filter>Editor\Decoder</Filter>
    </ClCompile>
    <ClCompile Include="Editor\Decoder\StringDecoder.cpp">
      <Filter>Editor\Decoder</Filter>
    </ClCompile>
    <ClCompile Include="Editor\Decoder\TriggerDecode.cpp">
      <Filter>Editor\Decoder</Filter>
    </ClCompile>
    <ClCompile Include="Editor\Decoder\UnitPropDecode.cpp">
      <Filter>Editor\Decoder</Filter>
    </ClCompile>
    <ClCompile Include="Editor\Encoder\LuaParseString.cpp">
      <Filter>Editor\Encoder</Filter>
    </ClCompile>
    <ClCompile Include="Editor\Encoder\StringDeref.cpp">
      <Filter>Editor\Encoder</Filter>
    </ClCompile>
    <ClCompile Include="Editor\Encoder\StringEncoder.cpp">
      <Filter>Editor\Encoder</Filter>
    </ClCompile>
    <ClCompile Include="Editor\Encoder\TriggerEncode.cpp">
      <Filter>Editor\Encoder</Filter>
    </ClCompile>
    <ClCompile Include="Editor\Encoder\UnitPropertyEncode.cpp">
      <Filter>Editor\Encoder</Filter>
    </ClCompile>
    <ClCompile Include="Editor\StringUtils\RawCStringCast.cpp">
      <Filter>Editor\StringUtils</Filter>
    </ClCompile>
    <ClCompile Include="Editor\StringUtils\stringbuffer.cpp">
      <Filter>Editor\StringUtils</Filter>
    </ClCompile>
    <ClCompile Include="Editor\StringUtils\StringIntCast.cpp">
      <Filter>Editor\StringUtils</Filter>
    </ClCompile>
    <ClCompile Include="Editor\Decoder\TriggerDecodeAction.cpp">
      <Filter>Editor\Decoder</Filter>
    </ClCompile>
    <ClCompile Include="Editor\Decoder\TriggerDecodeCondition.cpp">
      <Filter>Editor\Decoder</Filter>
    </ClCompile>
    <ClCompile Include="Editor\Scintilla\ViewStyle.cxx">
      <Filter>Editor\Scintilla</Filter>
    </ClCompile>
    <ClCompile Include="Editor\Scintilla\UniConversion.cxx">
      <Filter>Editor\Scintilla</Filter>
    </ClCompile>
    <ClCompile Include="Editor\Scintilla\Style.cxx">
      <Filter>Editor\Scintilla</Filter>
    </ClCompile>
    <ClCompile Include="Editor\Scintilla\Selection.cxx">
      <Filter>Editor\Scintilla</Filter>
    </ClCompile>
    <ClCompile Include="Editor\Scintilla\XPM.cxx">
      <Filter>Editor\Scintilla</Filter>
    </ClCompile>
    <ClCompile Include="Editor\Scintilla\ScintillaBase.cxx">
      <Filter>Editor\Scintilla</Filter>
    </ClCompile>
    <ClCompile Include="Editor\Scintilla\RunStyles.cxx">
      <Filter>Editor\Scintilla</Filter>
    </ClCompile>
    <ClCompile Include="Editor\Scintilla\RESearch.cxx">
      <Filter>Editor\Scintilla</Filter>
    </ClCompile>
    <ClCompile Include="Editor\Scintilla\PositionCache.cxx">
      <Filter>Editor\Scintilla</Filter>
    </ClCompile>
    <ClCompile Include="Editor\Scintilla\PerLine.cxx">
      <Filter>Editor\Scintilla</Filter>
    </ClCompile>
    <ClCompile Include="Editor\Scintilla\MarginView.cxx">
      <Filter>Editor\Scintilla</Filter>
    </ClCompile>
    <ClCompile Include="Editor\Scintilla\LineMarker.cxx">
      <Filter>Editor\Scintilla</Filter>
    </ClCompile>
    <ClCompile Include="Editor\Scintilla\KeyMap.cxx">
      <Filter>Editor\Scintilla</Filter>
    </ClCompile>
    <ClCompile Include="Editor\Scintilla\Indicator.cxx">
      <Filter>Editor\Scintilla</Filter>
    </ClCompile>
    <ClCompile Include="Editor\Scintilla\ExternalLexer.cxx">
      <Filter>Editor\Scintilla</Filter>
    </ClCompile>
    <ClCompile Include="Editor\Scintilla\EditView.cxx">
      <Filter>Editor\Scintilla</Filter>
    </ClCompile>
    <ClCompile Include="Editor\Scintilla\Editor.cxx">
      <Filter>Editor\Scintilla</Filter>
    </ClCompile>
    <ClCompile Include="Editor\Scintilla\EditModel.cxx">
      <Filter>Editor\Scintilla</Filter>
    </ClCompile>
    <ClCompile Include="Editor\Scintilla\Document.cxx">
      <Filter>Editor\Scintilla</Filter>
    </ClCompile>
    <ClCompile Include="Editor\Scintilla\Decoration.cxx">
      <Filter>Editor\Scintilla</Filter>
    </ClCompile>
    <ClCompile Include="Editor\Scintilla\ContractionState.cxx">
      <Filter>Editor\Scintilla</Filter>
    </ClCompile>
    <ClCompile Include="Editor\Scintilla\CharClassify.cxx">
      <Filter>Editor\Scintilla</Filter>
    </ClCompile>
    <ClCompile Include="Editor\Scintilla\CellBuffer.cxx">
      <Filter>Editor\Scintilla</Filter>
    </ClCompile>
    <ClCompile Include="Editor\Scintilla\Catalogue.cxx">
      <Filter>Editor\Scintilla</Filter>
    </ClCompile>
    <ClCompile Include="Editor\Scintilla\CaseFolder.cxx">
      <Filter>Editor\Scintilla</Filter>
    </ClCompile>
    <ClCompile Include="Editor\Scintilla\CaseConvert.cxx">
      <Filter>Editor\Scintilla</Filter>
    </ClCompile>
    <ClCompile Include="Editor\Scintilla\CallTip.cxx">
      <Filter>Editor\Scintilla</Filter>
    </ClCompile>
    <ClCompile Include="Editor\Scintilla\AutoComplete.cxx">
      <Filter>Editor\Scintilla</Filter>
    </ClCompile>
    <ClCompile Include="Editor\Scintilla\LexLua.cxx">
      <Filter>Editor\Scintilla</Filter>
    </ClCompile>
    <ClCompile Include="Editor\Scintilla\CharacterCategory.cxx">
      <Filter>Editor\Scintilla</Filter>
    </ClCompile>
    <ClCompile Include="Editor\Scintilla\Accessor.cxx">
      <Filter>Editor\Scintilla</Filter>
    </ClCompile>
    <ClCompile Include="Editor\Scintilla\WordList.cxx">
      <Filter>Editor\Scintilla</Filter>
    </ClCompile>
    <ClCompile Include="Editor\Scintilla\StyleContext.cxx">
      <Filter>Editor\Scintilla</Filter>
    </ClCompile>
    <ClCompile Include="Editor\Scintilla\PropSetSimple.cxx">
      <Filter>Editor\Scintilla</Filter>
    </ClCompile>
    <ClCompile Include="Editor\Scintilla\LexerSimple.cxx">
      <Filter>Editor\Scintilla</Filter>
    </ClCompile>
    <ClCompile Include="Editor\Scintilla\LexerNoExceptions.cxx">
      <Filter>Editor\Scintilla</Filter>
    </ClCompile>
    <ClCompile Include="Editor\Scintilla\LexerModule.cxx">
      <Filter>Editor\Scintilla</Filter>
    </ClCompile>
    <ClCompile Include="Editor\Scintilla\LexerBase.cxx">
      <Filter>Editor\Scintilla</Filter>
    </ClCompile>
    <ClCompile Include="Editor\Scintilla\CharacterSet.cxx">
      <Filter>Editor\Scintilla</Filter>
    </ClCompile>
    <ClCompile Include="Editor\Scintilla\CheckD2D.cxx">
      <Filter>Editor\Scintilla</Filter>
    </ClCompile>
    <ClCompile Include="Editor\Scintilla\ScintillaWin.cxx">
      <Filter>Editor\Scintilla</Filter>
    </ClCompile>
    <ClCompile Include="Editor\Scintilla\PlatWin.cxx">
      <Filter>Editor\Scintilla</Filter>
    </ClCompile>
    <ClCompile Include="Editor\Decoder\crc32.cpp">
      <Filter>Editor\Decoder</Filter>
    </ClCompile>
    <ClCompile Include="Editor\hangulUnpacker.cpp">
      <Filter>Editor</Filter>
    </ClCompile>
    <ClCompile Include="Editor\Lua\lib\lapi.c">
      <Filter>Editor\Lua\lib</Filter>
    </ClCompile>
    <ClCompile Include="Editor\Lua\lib\lauxlib.c">
      <Filter>Editor\Lua\lib</Filter>
    </ClCompile>
    <ClCompile Include="Editor\Lua\lib\lbaselib.c">
      <Filter>Editor\Lua\lib</Filter>
    </ClCompile>
    <ClCompile Include="Editor\Lua\lib\lbitlib.c">
      <Filter>Editor\Lua\lib</Filter>
    </ClCompile>
    <ClCompile Include="Editor\Lua\lib\lcode.c">
      <Filter>Editor\Lua\lib</Filter>
    </ClCompile>
    <ClCompile Include="Editor\Lua\lib\lcorolib.c">
      <Filter>Editor\Lua\lib</Filter>
    </ClCompile>
    <ClCompile Include="Editor\Lua\lib\lctype.c">
      <Filter>Editor\Lua\lib</Filter>
    </ClCompile>
    <ClCompile Include="Editor\Lua\lib\ldblib.c">
      <Filter>Editor\Lua\lib</Filter>
    </ClCompile>
    <ClCompile Include="Editor\Lua\lib\ldebug.c">
      <Filter>Editor\Lua\lib</Filter>
    </ClCompile>
    <ClCompile Include="Editor\Lua\lib\ldo.c">
      <Filter>Editor\Lua\lib</Filter>
    </ClCompile>
    <ClCompile Include="Editor\Lua\lib\ldump.c">
      <Filter>Editor\Lua\lib</Filter>
    </ClCompile>
    <ClCompile Include="Editor\Lua\lib\lfunc.c">
      <Filter>Editor\Lua\lib</Filter>
    </ClCompile>
    <ClCompile Include="Editor\Lua\lib\lgc.c">
      <Filter>Editor\Lua\lib</Filter>
    </ClCompile>
    <ClCompile Include="Editor\Lua\lib\linit.c">
      <Filter>Editor\Lua\lib</Filter>
    </ClCompile>
    <ClCompile Include="Editor\Lua\lib\liolib.c">
      <Filter>Editor\Lua\lib</Filter>
    </ClCompile>
    <ClCompile Include="Editor\Lua\lib\llex.c">
      <Filter>Editor\Lua\lib</Filter>
    </ClCompile>
    <ClCompile Include="Editor\Lua\lib\lmathlib.c">
      <Filter>Editor\Lua\lib</Filter>
    </ClCompile>
    <ClCompile Include="Editor\Lua\lib\lmem.c">
      <Filter>Editor\Lua\lib</Filter>
    </ClCompile>
    <ClCompile Include="Editor\Lua\lib\loadlib.c">
      <Filter>Editor\Lua\lib</Filter>
    </ClCompile>
    <ClCompile Include="Editor\Lua\lib\lobject.c">
      <Filter>Editor\Lua\lib</Filter>
    </ClCompile>
    <ClCompile Include="Editor\Lua\lib\lopcodes.c">
      <Filter>Editor\Lua\lib</Filter>
    </ClCompile>
    <ClCompile Include="Editor\Lua\lib\loslib.c">
      <Filter>Editor\Lua\lib</Filter>
    </ClCompile>
    <ClCompile Include="Editor\Lua\lib\lparser.c">
      <Filter>Editor\Lua\lib</Filter>
    </ClCompile>
    <ClCompile Include="Editor\Lua\lib\lstate.c">
      <Filter>Editor\Lua\lib</Filter>
    </ClCompile>
    <ClCompile Include="Editor\Lua\lib\lstring.c">
      <Filter>Editor\Lua\lib</Filter>
    </ClCompile>
    <ClCompile Include="Editor\Lua\lib\lstrlib.c">
      <Filter>Editor\Lua\lib</Filter>
    </ClCompile>
    <ClCompile Include="Editor\Lua\lib\ltable.c">
      <Filter>Editor\Lua\lib</Filter>
    </ClCompile>
    <ClCompile Include="Editor\Lua\lib\ltablib.c">
      <Filter>Editor\Lua\lib</Filter>
    </ClCompile>
    <ClCompile Include="Editor\Lua\lib\ltm.c">
      <Filter>Editor\Lua\lib</Filter>
    </ClCompile>
    <ClCompile Include="Editor\Lua\lib\luac.c">
      <Filter>Editor\Lua\lib</Filter>
    </ClCompile>
    <ClCompile Include="Editor\Lua\lib\lundump.c">
      <Filter>Editor\Lua\lib</Filter>
    </ClCompile>
    <ClCompile Include="Editor\Lua\lib\lvm.c">
      <Filter>Editor\Lua\lib</Filter>
    </ClCompile>
    <ClCompile Include="Editor\Lua\lib\lzio.c">
      <Filter>Editor\Lua\lib</Filter>
    </ClCompile>
    <ClCompile Include="Editor\Lua\AutoRequireLibs.cpp">
      <Filter>Editor\Lua</Filter>
    </ClCompile>
    <ClCompile Include="Editor\Lua\LuaCommon.cpp">
      <Filter>Editor\Lua</Filter>
    </ClCompile>
    <ClCompile Include="Editor\Lua\LuaKeywords.cpp">
      <Filter>Editor\Lua</Filter>
    </ClCompile>
    <ClCompile Include="Editor\Decoder\ProcCondActHook.cpp">
      <Filter>Editor\Decoder</Filter>
    </ClCompile>
    <ClCompile Include="Editor\Decoder\LuaDecodeStringAndProp.cpp">
      <Filter>Editor\Decoder</Filter>
    </ClCompile>
  </ItemGroup>
  <ItemGroup>
    <ClInclude Include="resource.h" />
    <ClInclude Include="version.h" />
    <ClInclude Include="PluginBase\SCMDPlugin.h">
      <Filter>PluginBase</Filter>
    </ClInclude>
    <ClInclude Include="PluginBase\SICStringList.h">
      <Filter>PluginBase</Filter>
    </ClInclude>
    <ClInclude Include="Editor\MapNamespace.h">
      <Filter>Editor</Filter>
    </ClInclude>
    <ClInclude Include="Editor\TriggerEditor.h">
      <Filter>Editor</Filter>
    </ClInclude>
    <ClInclude Include="Editor\TriggerEncDec.h">
      <Filter>Editor</Filter>
    </ClInclude>
    <ClInclude Include="Editor\UnitProp.h">
      <Filter>Editor</Filter>
    </ClInclude>
    <ClInclude Include="Editor\Scintilla\SciLexer.h">
      <Filter>Editor\Scintilla</Filter>
    </ClInclude>
    <ClInclude Include="Editor\Scintilla\Scintilla.h">
      <Filter>Editor\Scintilla</Filter>
    </ClInclude>
    <ClInclude Include="Editor\StringUtils\stringbuffer.h">
      <Filter>Editor\StringUtils</Filter>
    </ClInclude>
    <ClInclude Include="Editor\StringUtils\StringCast.h">
      <Filter>Editor\StringUtils</Filter>
    </ClInclude>
    <ClInclude Include="Editor\Scintilla\ViewStyle.h">
      <Filter>Editor\Scintilla</Filter>
    </ClInclude>
    <ClInclude Include="Editor\Scintilla\UniConversion.h">
      <Filter>Editor\Scintilla</Filter>
    </ClInclude>
    <ClInclude Include="Editor\Scintilla\UnicodeFromUTF8.h">
      <Filter>Editor\Scintilla</Filter>
    </ClInclude>
    <ClInclude Include="Editor\Scintilla\Style.h">
      <Filter>Editor\Scintilla</Filter>
    </ClInclude>
    <ClInclude Include="Editor\Scintilla\SplitVector.h">
      <Filter>Editor\Scintilla</Filter>
    </ClInclude>
    <ClInclude Include="Editor\Scintilla\Selection.h">
      <Filter>Editor\Scintilla</Filter>
    </ClInclude>
    <ClInclude Include="Editor\Scintilla\XPM.h">
      <Filter>Editor\Scintilla</Filter>
    </ClInclude>
    <ClInclude Include="Editor\Scintilla\ScintillaBase.h">
      <Filter>Editor\Scintilla</Filter>
    </ClInclude>
    <ClInclude Include="Editor\Scintilla\RunStyles.h">
      <Filter>Editor\Scintilla</Filter>
    </ClInclude>
    <ClInclude Include="Editor\Scintilla\RESearch.h">
      <Filter>Editor\Scintilla</Filter>
    </ClInclude>
    <ClInclude Include="Editor\Scintilla\PositionCache.h">
      <Filter>Editor\Scintilla</Filter>
    </ClInclude>
    <ClInclude Include="Editor\Scintilla\PerLine.h">
      <Filter>Editor\Scintilla</Filter>
    </ClInclude>
    <ClInclude Include="Editor\Scintilla\Partitioning.h">
      <Filter>Editor\Scintilla</Filter>
    </ClInclude>
    <ClInclude Include="Editor\Scintilla\MarginView.h">
      <Filter>Editor\Scintilla</Filter>
    </ClInclude>
    <ClInclude Include="Editor\Scintilla\LineMarker.h">
      <Filter>Editor\Scintilla</Filter>
    </ClInclude>
    <ClInclude Include="Editor\Scintilla\KeyMap.h">
      <Filter>Editor\Scintilla</Filter>
    </ClInclude>
    <ClInclude Include="Editor\Scintilla\Indicator.h">
      <Filter>Editor\Scintilla</Filter>
    </ClInclude>
    <ClInclude Include="Editor\Scintilla\FontQuality.h">
      <Filter>Editor\Scintilla</Filter>
    </ClInclude>
    <ClInclude Include="Editor\Scintilla\ExternalLexer.h">
      <Filter>Editor\Scintilla</Filter>
    </ClInclude>
    <ClInclude Include="Editor\Scintilla\EditView.h">
      <Filter>Editor\Scintilla</Filter>
    </ClInclude>
    <ClInclude Include="Editor\Scintilla\Editor.h">
      <Filter>Editor\Scintilla</Filter>
    </ClInclude>
    <ClInclude Include="Editor\Scintilla\EditModel.h">
      <Filter>Editor\Scintilla</Filter>
    </ClInclude>
    <ClInclude Include="Editor\Scintilla\Document.h">
      <Filter>Editor\Scintilla</Filter>
    </ClInclude>
    <ClInclude Include="Editor\Scintilla\Decoration.h">
      <Filter>Editor\Scintilla</Filter>
    </ClInclude>
    <ClInclude Include="Editor\Scintilla\ContractionState.h">
      <Filter>Editor\Scintilla</Filter>
    </ClInclude>
    <ClInclude Include="Editor\Scintilla\CharClassify.h">
      <Filter>Editor\Scintilla</Filter>
    </ClInclude>
    <ClInclude Include="Editor\Scintilla\CellBuffer.h">
      <Filter>Editor\Scintilla</Filter>
    </ClInclude>
    <ClInclude Include="Editor\Scintilla\Catalogue.h">
      <Filter>Editor\Scintilla</Filter>
    </ClInclude>
    <ClInclude Include="Editor\Scintilla\CaseFolder.h">
      <Filter>Editor\Scintilla</Filter>
    </ClInclude>
    <ClInclude Include="Editor\Scintilla\CaseConvert.h">
      <Filter>Editor\Scintilla</Filter>
    </ClInclude>
    <ClInclude Include="Editor\Scintilla\CallTip.h">
      <Filter>Editor\Scintilla</Filter>
    </ClInclude>
    <ClInclude Include="Editor\Scintilla\AutoComplete.h">
      <Filter>Editor\Scintilla</Filter>
    </ClInclude>
    <ClInclude Include="Editor\Scintilla\ScintillaWidget.h">
      <Filter>Editor\Scintilla</Filter>
    </ClInclude>
    <ClInclude Include="Editor\Scintilla\Platform.h">
      <Filter>Editor\Scintilla</Filter>
    </ClInclude>
    <ClInclude Include="Editor\Scintilla\ILexer.h">
      <Filter>Editor\Scintilla</Filter>
    </ClInclude>
    <ClInclude Include="Editor\Scintilla\CharacterCategory.h">
      <Filter>Editor\Scintilla</Filter>
    </ClInclude>
    <ClInclude Include="Editor\Scintilla\Accessor.h">
      <Filter>Editor\Scintilla</Filter>
    </ClInclude>
    <ClInclude Include="Editor\Scintilla\WordList.h">
      <Filter>Editor\Scintilla</Filter>
    </ClInclude>
    <ClInclude Include="Editor\Scintilla\SubStyles.h">
      <Filter>Editor\Scintilla</Filter>
    </ClInclude>
    <ClInclude Include="Editor\Scintilla\StyleContext.h">
      <Filter>Editor\Scintilla</Filter>
    </ClInclude>
    <ClInclude Include="Editor\Scintilla\StringCopy.h">
      <Filter>Editor\Scintilla</Filter>
    </ClInclude>
    <ClInclude Include="Editor\Scintilla\SparseState.h">
      <Filter>Editor\Scintilla</Filter>
    </ClInclude>
    <ClInclude Include="Editor\Scintilla\PropSetSimple.h">
      <Filter>Editor\Scintilla</Filter>
    </ClInclude>
    <ClInclude Include="Editor\Scintilla\OptionSet.h">
      <Filter>Editor\Scintilla</Filter>
    </ClInclude>
    <ClInclude Include="Editor\Scintilla\LexerSimple.h">
      <Filter>Editor\Scintilla</Filter>
    </ClInclude>
    <ClInclude Include="Editor\Scintilla\LexerNoExceptions.h">
      <Filter>Editor\Scintilla</Filter>
    </ClInclude>
    <ClInclude Include="Editor\Scintilla\LexerModule.h">
      <Filter>Editor\Scintilla</Filter>
    </ClInclude>
    <ClInclude Include="Editor\Scintilla\LexerBase.h">
      <Filter>Editor\Scintilla</Filter>
    </ClInclude>
    <ClInclude Include="Editor\Scintilla\LexAccessor.h">
      <Filter>Editor\Scintilla</Filter>
    </ClInclude>
    <ClInclude Include="Editor\Scintilla\CharacterSet.h">
      <Filter>Editor\Scintilla</Filter>
    </ClInclude>
    <ClInclude Include="Editor\Scintilla\PlatWin.h">
      <Filter>Editor\Scintilla</Filter>
    </ClInclude>
    <ClInclude Include="Editor\Lua\lib\lapi.h">
      <Filter>Editor\Lua\lib</Filter>
    </ClInclude>
    <ClInclude Include="Editor\Lua\lib\lauxlib.h">
      <Filter>Editor\Lua\lib</Filter>
    </ClInclude>
    <ClInclude Include="Editor\Lua\lib\lcode.h">
      <Filter>Editor\Lua\lib</Filter>
    </ClInclude>
    <ClInclude Include="Editor\Lua\lib\lctype.h">
      <Filter>Editor\Lua\lib</Filter>
    </ClInclude>
    <ClInclude Include="Editor\Lua\lib\ldebug.h">
      <Filter>Editor\Lua\lib</Filter>
    </ClInclude>
    <ClInclude Include="Editor\Lua\lib\ldo.h">
      <Filter>Editor\Lua\lib</Filter>
    </ClInclude>
    <ClInclude Include="Editor\Lua\lib\lfunc.h">
      <Filter>Editor\Lua\lib</Filter>
    </ClInclude>
    <ClInclude Include="Editor\Lua\lib\lgc.h">
      <Filter>Editor\Lua\lib</Filter>
    </ClInclude>
    <ClInclude Include="Editor\Lua\lib\llex.h">
      <Filter>Editor\Lua\lib</Filter>
    </ClInclude>
    <ClInclude Include="Editor\Lua\lib\llimits.h">
      <Filter>Editor\Lua\lib</Filter>
    </ClInclude>
    <ClInclude Include="Editor\Lua\lib\lmem.h">
      <Filter>Editor\Lua\lib</Filter>
    </ClInclude>
    <ClInclude Include="Editor\Lua\lib\lobject.h">
      <Filter>Editor\Lua\lib</Filter>
    </ClInclude>
    <ClInclude Include="Editor\Lua\lib\lopcodes.h">
      <Filter>Editor\Lua\lib</Filter>
    </ClInclude>
    <ClInclude Include="Editor\Lua\lib\lparser.h">
      <Filter>Editor\Lua\lib</Filter>
    </ClInclude>
    <ClInclude Include="Editor\Lua\lib\lstate.h">
      <Filter>Editor\Lua\lib</Filter>
    </ClInclude>
    <ClInclude Include="Editor\Lua\lib\lstring.h">
      <Filter>Editor\Lua\lib</Filter>
    </ClInclude>
    <ClInclude Include="Editor\Lua\lib\ltable.h">
      <Filter>Editor\Lua\lib</Filter>
    </ClInclude>
    <ClInclude Include="Editor\Lua\lib\ltm.h">
      <Filter>Editor\Lua\lib</Filter>
    </ClInclude>
    <ClInclude Include="Editor\Lua\lib\lua.h">
      <Filter>Editor\Lua\lib</Filter>
    </ClInclude>
    <ClInclude Include="Editor\Lua\lib\lua.hpp">
      <Filter>Editor\Lua\lib</Filter>
    </ClInclude>
    <ClInclude Include="Editor\Lua\lib\luaconf.h">
      <Filter>Editor\Lua\lib</Filter>
    </ClInclude>
    <ClInclude Include="Editor\Lua\lib\lualib.h">
      <Filter>Editor\Lua\lib</Filter>
    </ClInclude>
    <ClInclude Include="Editor\Lua\lib\lundump.h">
      <Filter>Editor\Lua\lib</Filter>
    </ClInclude>
    <ClInclude Include="Editor\Lua\lib\lvm.h">
      <Filter>Editor\Lua\lib</Filter>
    </ClInclude>
    <ClInclude Include="Editor\Lua\lib\lzio.h">
      <Filter>Editor\Lua\lib</Filter>
    </ClInclude>
    <ClInclude Include="Editor\Lua\LuaCommon.h">
      <Filter>Editor\Lua</Filter>
    </ClInclude>
    <ClInclude Include="Editor\Lua\LuaKeywords.h">
      <Filter>Editor\Lua</Filter>
    </ClInclude>
  </ItemGroup>
  <ItemGroup>
    <ResourceCompile Include="TrigEditPlus.rc" />
  </ItemGroup>
  <ItemGroup>
    <Filter Include="PluginBase">
      <UniqueIdentifier>{f9bfe0a7-a42f-45f0-b365-311eaddba514}</UniqueIdentifier>
    </Filter>
    <Filter Include="Editor">
      <UniqueIdentifier>{dc7586a5-9cbc-4635-90c1-18e407e8fe09}</UniqueIdentifier>
    </Filter>
    <Filter Include="Editor\Decoder">
      <UniqueIdentifier>{3c6d19ad-07d7-471e-af99-574a9f193c1b}</UniqueIdentifier>
    </Filter>
    <Filter Include="Editor\Encoder">
      <UniqueIdentifier>{bfaf4f33-6410-414d-b27e-5518223358bb}</UniqueIdentifier>
    </Filter>
    <Filter Include="Editor\Scintilla">
      <UniqueIdentifier>{71d3d1d4-1201-4c50-adf6-54f17ac6eeaf}</UniqueIdentifier>
    </Filter>
    <Filter Include="Editor\StringUtils">
      <UniqueIdentifier>{1248fe6e-0808-44f8-972c-75b17d0cc546}</UniqueIdentifier>
    </Filter>
    <Filter Include="Editor\Lua">
      <UniqueIdentifier>{9753354b-2be3-4c2a-acc5-d49d0bf71e29}</UniqueIdentifier>
    </Filter>
    <Filter Include="Editor\Lua\lib">
      <UniqueIdentifier>{5370ced4-f11c-46b5-ba15-105e41307858}</UniqueIdentifier>
    </Filter>
  </ItemGroup>
  <ItemGroup>
    <None Include="PluginBase\DllMain.def">
      <Filter>PluginBase</Filter>
    </None>
    <None Include="Editor\Scintilla\SciTE.properties">
      <Filter>Editor\Scintilla</Filter>
    </None>
    <None Include="Editor\Scintilla\Scintilla.iface">
      <Filter>Editor\Scintilla</Filter>
    </None>
    <None Include="Editor\Lua\basescript.lua">
      <Filter>Editor\Lua</Filter>
    </None>
    <None Include="Editor\Lua\luahook.lua">
      <Filter>Editor\Lua</Filter>
    </None>
  </ItemGroup>
  <ItemGroup>
    <Manifest Include="styles.manifest" />
  </ItemGroup>
  <ItemGroup>
    <Text Include="License\license_lua.txt" />
    <Text Include="License\license_scintilla.txt" />
  </ItemGroup>
</Project>